# THIS IS AN AUTOGENERATED FILE. DO NOT EDIT THIS FILE DIRECTLY.
# yarn lockfile v1


"@types/jsrsasign@^10.5.0":
  version "10.5.0"
  resolved "https://registry.yarnpkg.com/@types/jsrsasign/-/jsrsasign-10.5.0.tgz#a18ecdcc6e976d554578598202b4ffdce686ef06"
  integrity sha512-OYXejJEkH0mjwVGT9BMdD5OyyABHE+nA8I8oV2VwWKMxvFDhtDntB0RNqwy/404mnZ/fdIpENZcl27c2Z8HcPQ==

crypto-js@^4.1.1:
  version "4.1.1"
  resolved "https://registry.yarnpkg.com/crypto-js/-/crypto-js-4.1.1.tgz#9e485bcf03521041bd85844786b83fb7619736cf"
  integrity sha512-o2JlM7ydqd3Qk9CA0L4NL6mTzU2sdx96a+oOfPu8Mkl/PK51vSyoi8/rQ8NknZtk44vq15lmhAj9CIAGwgeWKw==

jsrsasign@10.3.0:
  version "10.3.0"
  resolved "https://registry.yarnpkg.com/jsrsasign/-/jsrsasign-10.3.0.tgz#540d7c6937da1d5b01699d5091e56378a33e246e"
  integrity sha512-irDIKKFW++EAELgP3fjFi5/Fn0XEyfuQTTgpbeFwCGkV6tRIYZl3uraRea2HTXWCstcSZuDaCbdAhU1n+075Bg==
